{
  "version": 4,
  "terraform_version": "1.2.5",
  "serial": 358,
  "lineage": "ab1e867a-b4f5-5851-37be-e4c59dd8863b",
  "outputs": {
    "Ansible-Node-IP": {
      "value": "10.0.3.105",
      "type": "string"
    },
    "Bashion-Node-IP": {
      "value": "52.40.102.186",
      "type": "string"
    },
    "Docker-Host-IP": {
      "value": "10.0.3.113",
      "type": "string"
    },
    "Jenkins-Host-IP": {
      "value": "10.0.1.98",
      "type": "string"
    },
    "dev_jenkin_lb": {
      "value": "jenkins-lb-1084522988.us-west-2.elb.amazonaws.com",
      "type": "string"
    },
    "dev_loadbalance": {
      "value": "JenContainer-lb-526955896.us-west-2.elb.amazonaws.com",
      "type": "string"
    },
    "dev_route53": {
      "value": [
        "ns-1360.awsdns-42.org",
        "ns-162.awsdns-20.com",
        "ns-1941.awsdns-50.co.uk",
        "ns-972.awsdns-57.net"
      ],
      "type": [
        "list",
        "string"
      ]
    },
    "sonarQube-IP": {
      "value": "54.214.197.40",
      "type": "string"
    }
  },
  "resources": [
    {
      "mode": "managed",
      "type": "null_resource",
      "name": "configure",
      "provider": "provider[\"registry.terraform.io/hashicorp/null\"]",
      "instances": [
        {
          "schema_version": 0,
          "attributes": {
            "id": "4513720218704088437",
            "triggers": null
          },
          "sensitive_attributes": [],
          "private": "bnVsbA==",
          "dependencies": [
            "module.dev_ansible.aws_instance.Ansible_Auto_D_Node",
            "module.dev_bashion.aws_instance.Bastion-Host",
            "module.dev_securitygroups.aws_security_group.DocJenSona_sg",
            "module.dev_vpc.aws_subnet.JenCont-prv-sn1",
            "module.keypair.aws_key_pair.JenCont_Key"
          ]
        }
      ]
    },
    {
      "mode": "managed",
      "type": "null_resource",
      "name": "docker_configure",
      "provider": "provider[\"registry.terraform.io/hashicorp/null\"]",
      "instances": [
        {
          "schema_version": 0,
          "attributes": {
            "id": "6852508144182603046",
            "triggers": null
          },
          "sensitive_attributes": [],
          "private": "bnVsbA==",
          "dependencies": [
            "module.dev_bashion.aws_instance.Bastion-Host",
            "module.dev_docker.aws_instance.JenCont-Docker-Server",
            "module.dev_securitygroups.aws_security_group.DocJenSona_sg",
            "module.dev_vpc.aws_subnet.JenCont-prv-sn1",
            "module.dev_vpc.aws_subnet.JenCont-pub-sn1",
            "module.dev_vpc.aws_vpc.JenCont-vpc",
            "module.keypair.aws_key_pair.JenCont_Key"
          ]
        }
      ]
    },
    {
      "module": "module.dev_ansible",
      "mode": "managed",
      "type": "aws_instance",
      "name": "Ansible_Auto_D_Node",
      "provider": "provider[\"registry.terraform.io/hashicorp/aws\"]",
      "instances": [
        {
          "schema_version": 1,
          "attributes": {
            "ami": "ami-08970fb2e5767e3b8",
            "arn": "arn:aws:ec2:us-west-2:842051480147:instance/i-09c06a5ac11c674c4",
            "associate_public_ip_address": true,
            "availability_zone": "us-west-2a",
            "capacity_reservation_specification": [
              {
                "capacity_reservation_preference": "open",
                "capacity_reservation_target": []
              }
            ],
            "cpu_core_count": 2,
            "cpu_threads_per_core": 1,
            "credit_specification": [
              {
                "cpu_credits": "standard"
              }
            ],
            "disable_api_stop": false,
            "disable_api_termination": false,
            "ebs_block_device": [],
            "ebs_optimized": false,
            "enclave_options": [
              {
                "enabled": false
              }
            ],
            "ephemeral_block_device": [],
            "get_password_data": false,
            "hibernation": false,
            "host_id": null,
            "host_resource_group_arn": null,
            "iam_instance_profile": "",
            "id": "i-09c06a5ac11c674c4",
            "instance_initiated_shutdown_behavior": "stop",
            "instance_state": "running",
            "instance_type": "t2.medium",
            "ipv6_address_count": 0,
            "ipv6_addresses": [],
            "key_name": "test-key",
            "launch_template": [],
            "maintenance_options": [
              {
                "auto_recovery": "default"
              }
            ],
            "metadata_options": [
              {
                "http_endpoint": "enabled",
                "http_put_response_hop_limit": 1,
                "http_tokens": "optional",
                "instance_metadata_tags": "disabled"
              }
            ],
            "monitoring": false,
            "network_interface": [],
            "outpost_arn": "",
            "password_data": "",
            "placement_group": "",
            "placement_partition_number": null,
            "primary_network_interface_id": "eni-058b43c36b7a24cf2",
            "private_dns": "ip-10-0-3-105.us-west-2.compute.internal",
            "private_dns_name_options": [
              {
                "enable_resource_name_dns_a_record": false,
                "enable_resource_name_dns_aaaa_record": false,
                "hostname_type": "ip-name"
              }
            ],
            "private_ip": "10.0.3.105",
            "public_dns": "",
            "public_ip": "34.219.155.37",
            "root_block_device": [
              {
                "delete_on_termination": true,
                "device_name": "/dev/sda1",
                "encrypted": false,
                "iops": 100,
                "kms_key_id": "",
                "tags": {},
                "throughput": 0,
                "volume_id": "vol-0c70039a95bda659c",
                "volume_size": 10,
                "volume_type": "gp2"
              }
            ],
            "secondary_private_ips": [],
            "security_groups": [],
            "source_dest_check": true,
            "subnet_id": "subnet-08aa6b18e987ed8c9",
            "tags": {
              "Name": "Ansible_Node"
            },
            "tags_all": {
              "Name": "Ansible_Node"
            },
            "tenancy": "default",
            "timeouts": null,
            "user_data": "fc987466c719be9dbde1c06760089fc87f612fd9",
            "user_data_base64": null,
            "user_data_replace_on_change": false,
            "volume_tags": null,
            "vpc_security_group_ids": [
              "sg-0debc528c6af01b9a"
            ]
          },
          "sensitive_attributes": [],
          "private": "eyJlMmJmYjczMC1lY2FhLTExZTYtOGY4OC0zNDM2M2JjN2M0YzAiOnsiY3JlYXRlIjo2MDAwMDAwMDAwMDAsImRlbGV0ZSI6MTIwMDAwMDAwMDAwMCwidXBkYXRlIjo2MDAwMDAwMDAwMDB9LCJzY2hlbWFfdmVyc2lvbiI6IjEifQ==",
          "dependencies": [
            "module.dev_securitygroups.aws_security_group.DocJenSona_sg",
            "module.dev_vpc.aws_subnet.JenCont-prv-sn1",
            "module.keypair.aws_key_pair.JenCont_Key"
          ]
        }
      ]
    },
    {
      "module": "module.dev_autoscaling",
      "mode": "managed",
      "type": "aws_autoscaling_group",
      "name": "Instance-ASG",
      "provider": "provider[\"registry.terraform.io/hashicorp/aws\"]",
      "instances": [
        {
          "schema_version": 0,
          "attributes": {
            "arn": "arn:aws:autoscaling:us-west-2:842051480147:autoScalingGroup:c417e7bf-66b1-4bc4-b0cc-147518b76324:autoScalingGroupName/Docker-ASG",
            "availability_zones": [
              "us-west-2a",
              "us-west-2b"
            ],
            "capacity_rebalance": false,
            "context": "",
            "default_cooldown": 300,
            "default_instance_warmup": 0,
            "desired_capacity": 2,
            "enabled_metrics": null,
            "force_delete": true,
            "force_delete_warm_pool": false,
            "health_check_grace_period": 300,
            "health_check_type": "EC2",
            "id": "Docker-ASG",
            "initial_lifecycle_hook": [],
            "instance_refresh": [],
            "launch_configuration": "docker-asg",
            "launch_template": [],
            "load_balancers": null,
            "max_instance_lifetime": 0,
            "max_size": 3,
            "metrics_granularity": "1Minute",
            "min_elb_capacity": null,
            "min_size": 2,
            "mixed_instances_policy": [],
            "name": "Docker-ASG",
            "name_prefix": "",
            "placement_group": "",
            "protect_from_scale_in": false,
            "service_linked_role_arn": "arn:aws:iam::842051480147:role/aws-service-role/autoscaling.amazonaws.com/AWSServiceRoleForAutoScaling",
            "suspended_processes": null,
            "tag": [
              {
                "key": "Name",
                "propagate_at_launch": true,
                "value": "docker-asg"
              }
            ],
            "tags": null,
            "target_group_arns": [
              "arn:aws:elasticloadbalancing:us-west-2:842051480147:targetgroup/Jencontainer-tg/3e5bcd0ca66a2a2d"
            ],
            "termination_policies": null,
            "timeouts": null,
            "vpc_zone_identifier": [
              "subnet-00130f64fa8c094f0",
              "subnet-027b573712087375b"
            ],
            "wait_for_capacity_timeout": "10m",
            "wait_for_elb_capacity": null,
            "warm_pool": []
          },
          "sensitive_attributes": [],
          "private": "eyJlMmJmYjczMC1lY2FhLTExZTYtOGY4OC0zNDM2M2JjN2M0YzAiOnsiZGVsZXRlIjo2MDAwMDAwMDAwMDAsInVwZGF0ZSI6NjAwMDAwMDAwMDAwfX0=",
          "dependencies": [
            "module.dev_docker.aws_instance.JenCont-Docker-Server",
            "module.dev_instance-ami.aws_ami_from_instance.instance-ami",
            "module.dev_launch_config.aws_launch_configuration.instance-asg-lc",
            "module.dev_loadbalance.aws_lb_target_group.Jencontainer-tg",
            "module.dev_securitygroups.aws_security_group.DocJenSona_sg",
            "module.dev_vpc.aws_subnet.JenCont-pub-sn1",
            "module.dev_vpc.aws_subnet.JenCont-pub-sn2",
            "module.dev_vpc.aws_vpc.JenCont-vpc",
            "module.keypair.aws_key_pair.JenCont_Key"
          ]
        }
      ]
    },
    {
      "module": "module.dev_autoscaling",
      "mode": "managed",
      "type": "aws_autoscaling_policy",
      "name": "JenContainer-asg-policy",
      "provider": "provider[\"registry.terraform.io/hashicorp/aws\"]",
      "instances": [
        {
          "schema_version": 0,
          "attributes": {
            "adjustment_type": "",
            "arn": "arn:aws:autoscaling:us-west-2:842051480147:scalingPolicy:58aaac5c-edcd-4692-9741-802473c02278:autoScalingGroupName/Docker-ASG:policyName/JenContainer-asg-policy",
            "autoscaling_group_name": "Docker-ASG",
            "cooldown": 0,
            "enabled": true,
            "estimated_instance_warmup": 0,
            "id": "JenContainer-asg-policy",
            "metric_aggregation_type": "",
            "min_adjustment_magnitude": null,
            "name": "JenContainer-asg-policy",
            "policy_type": "TargetTrackingScaling",
            "predictive_scaling_configuration": [],
            "scaling_adjustment": 0,
            "step_adjustment": [],
            "target_tracking_configuration": [
              {
                "customized_metric_specification": [],
                "disable_scale_in": false,
                "predefined_metric_specification": [
                  {
                    "predefined_metric_type": "ASGAverageCPUUtilization",
                    "resource_label": ""
                  }
                ],
                "target_value": 60
              }
            ]
          },
          "sensitive_attributes": [],
          "private": "bnVsbA==",
          "dependencies": [
            "module.dev_autoscaling.aws_autoscaling_group.Instance-ASG",
            "module.dev_docker.aws_instance.JenCont-Docker-Server",
            "module.dev_instance-ami.aws_ami_from_instance.instance-ami",
            "module.dev_launch_config.aws_launch_configuration.instance-asg-lc",
            "module.dev_loadbalance.aws_lb_target_group.Jencontainer-tg",
            "module.dev_securitygroups.aws_security_group.DocJenSona_sg",
            "module.dev_vpc.aws_subnet.JenCont-pub-sn1",
            "module.dev_vpc.aws_subnet.JenCont-pub-sn2",
            "module.dev_vpc.aws_vpc.JenCont-vpc",
            "module.keypair.aws_key_pair.JenCont_Key"
          ]
        }
      ]
    },
    {
      "module": "module.dev_bashion",
      "mode": "managed",
      "type": "aws_instance",
      "name": "Bastion-Host",
      "provider": "provider[\"registry.terraform.io/hashicorp/aws\"]",
      "instances": [
        {
          "schema_version": 1,
          "attributes": {
            "ami": "ami-08970fb2e5767e3b8",
            "arn": "arn:aws:ec2:us-west-2:842051480147:instance/i-084d9a57b668cea86",
            "associate_public_ip_address": true,
            "availability_zone": "us-west-2a",
            "capacity_reservation_specification": [
              {
                "capacity_reservation_preference": "open",
                "capacity_reservation_target": []
              }
            ],
            "cpu_core_count": 2,
            "cpu_threads_per_core": 1,
            "credit_specification": [
              {
                "cpu_credits": "standard"
              }
            ],
            "disable_api_stop": false,
            "disable_api_termination": false,
            "ebs_block_device": [],
            "ebs_optimized": false,
            "enclave_options": [
              {
                "enabled": false
              }
            ],
            "ephemeral_block_device": [],
            "get_password_data": false,
            "hibernation": false,
            "host_id": null,
            "host_resource_group_arn": null,
            "iam_instance_profile": "",
            "id": "i-084d9a57b668cea86",
            "instance_initiated_shutdown_behavior": "stop",
            "instance_state": "running",
            "instance_type": "t2.medium",
            "ipv6_address_count": 0,
            "ipv6_addresses": [],
            "key_name": "test-key",
            "launch_template": [],
            "maintenance_options": [
              {
                "auto_recovery": "default"
              }
            ],
            "metadata_options": [
              {
                "http_endpoint": "enabled",
                "http_put_response_hop_limit": 1,
                "http_tokens": "optional",
                "instance_metadata_tags": "disabled"
              }
            ],
            "monitoring": false,
            "network_interface": [],
            "outpost_arn": "",
            "password_data": "",
            "placement_group": "",
            "placement_partition_number": null,
            "primary_network_interface_id": "eni-034b9dfb3781ef578",
            "private_dns": "ip-10-0-1-54.us-west-2.compute.internal",
            "private_dns_name_options": [
              {
                "enable_resource_name_dns_a_record": false,
                "enable_resource_name_dns_aaaa_record": false,
                "hostname_type": "ip-name"
              }
            ],
            "private_ip": "10.0.1.54",
            "public_dns": "",
            "public_ip": "52.40.102.186",
            "root_block_device": [
              {
                "delete_on_termination": true,
                "device_name": "/dev/sda1",
                "encrypted": false,
                "iops": 100,
                "kms_key_id": "",
                "tags": {},
                "throughput": 0,
                "volume_id": "vol-0d4d727ce5251794c",
                "volume_size": 10,
                "volume_type": "gp2"
              }
            ],
            "secondary_private_ips": [],
            "security_groups": [],
            "source_dest_check": true,
            "subnet_id": "subnet-027b573712087375b",
            "tags": {
              "Name": "Bastion_Node"
            },
            "tags_all": {
              "Name": "Bastion_Node"
            },
            "tenancy": "default",
            "timeouts": null,
            "user_data": "b6444be7e9d7153999348a4c4803fa77897a05c6",
            "user_data_base64": null,
            "user_data_replace_on_change": false,
            "volume_tags": null,
            "vpc_security_group_ids": [
              "sg-0debc528c6af01b9a"
            ]
          },
          "sensitive_attributes": [],
          "private": "eyJlMmJmYjczMC1lY2FhLTExZTYtOGY4OC0zNDM2M2JjN2M0YzAiOnsiY3JlYXRlIjo2MDAwMDAwMDAwMDAsImRlbGV0ZSI6MTIwMDAwMDAwMDAwMCwidXBkYXRlIjo2MDAwMDAwMDAwMDB9LCJzY2hlbWFfdmVyc2lvbiI6IjEifQ==",
          "dependencies": [
            "module.dev_securitygroups.aws_security_group.DocJenSona_sg",
            "module.dev_vpc.aws_subnet.JenCont-pub-sn1",
            "module.dev_vpc.aws_vpc.JenCont-vpc",
            "module.keypair.aws_key_pair.JenCont_Key"
          ]
        }
      ]
    },
    {
      "module": "module.dev_docker",
      "mode": "managed",
      "type": "aws_instance",
      "name": "JenCont-Docker-Server",
      "provider": "provider[\"registry.terraform.io/hashicorp/aws\"]",
      "instances": [
        {
          "schema_version": 1,
          "attributes": {
            "ami": "ami-08970fb2e5767e3b8",
            "arn": "arn:aws:ec2:us-west-2:842051480147:instance/i-012884c49235cb602",
            "associate_public_ip_address": true,
            "availability_zone": "us-west-2a",
            "capacity_reservation_specification": [
              {
                "capacity_reservation_preference": "open",
                "capacity_reservation_target": []
              }
            ],
            "cpu_core_count": 2,
            "cpu_threads_per_core": 1,
            "credit_specification": [
              {
                "cpu_credits": "standard"
              }
            ],
            "disable_api_stop": false,
            "disable_api_termination": false,
            "ebs_block_device": [],
            "ebs_optimized": false,
            "enclave_options": [
              {
                "enabled": false
              }
            ],
            "ephemeral_block_device": [],
            "get_password_data": false,
            "hibernation": false,
            "host_id": null,
            "host_resource_group_arn": null,
            "iam_instance_profile": "",
            "id": "i-012884c49235cb602",
            "instance_initiated_shutdown_behavior": "stop",
            "instance_state": "running",
            "instance_type": "t2.medium",
            "ipv6_address_count": 0,
            "ipv6_addresses": [],
            "key_name": "test-key",
            "launch_template": [],
            "maintenance_options": [
              {
                "auto_recovery": "default"
              }
            ],
            "metadata_options": [
              {
                "http_endpoint": "enabled",
                "http_put_response_hop_limit": 1,
                "http_tokens": "optional",
                "instance_metadata_tags": "disabled"
              }
            ],
            "monitoring": false,
            "network_interface": [],
            "outpost_arn": "",
            "password_data": "",
            "placement_group": "",
            "placement_partition_number": null,
            "primary_network_interface_id": "eni-00832ff30a610818d",
            "private_dns": "ip-10-0-3-113.us-west-2.compute.internal",
            "private_dns_name_options": [
              {
                "enable_resource_name_dns_a_record": false,
                "enable_resource_name_dns_aaaa_record": false,
                "hostname_type": "ip-name"
              }
            ],
            "private_ip": "10.0.3.113",
            "public_dns": "",
            "public_ip": "34.219.65.116",
            "root_block_device": [
              {
                "delete_on_termination": true,
                "device_name": "/dev/sda1",
                "encrypted": false,
                "iops": 100,
                "kms_key_id": "",
                "tags": {},
                "throughput": 0,
                "volume_id": "vol-0a17e9707af3af861",
                "volume_size": 10,
                "volume_type": "gp2"
              }
            ],
            "secondary_private_ips": [],
            "security_groups": [],
            "source_dest_check": true,
            "subnet_id": "subnet-08aa6b18e987ed8c9",
            "tags": {
              "Name": "JenCont-Docker-Server"
            },
            "tags_all": {
              "Name": "JenCont-Docker-Server"
            },
            "tenancy": "default",
            "timeouts": null,
            "user_data": "f3ec7b292a32f03b1f1ab376e575b1feffe82049",
            "user_data_base64": null,
            "user_data_replace_on_change": false,
            "volume_tags": null,
            "vpc_security_group_ids": [
              "sg-0debc528c6af01b9a"
            ]
          },
          "sensitive_attributes": [
            [
              {
                "type": "get_attr",
                "value": "user_data"
              }
            ]
          ],
          "private": "eyJlMmJmYjczMC1lY2FhLTExZTYtOGY4OC0zNDM2M2JjN2M0YzAiOnsiY3JlYXRlIjo2MDAwMDAwMDAwMDAsImRlbGV0ZSI6MTIwMDAwMDAwMDAwMCwidXBkYXRlIjo2MDAwMDAwMDAwMDB9LCJzY2hlbWFfdmVyc2lvbiI6IjEifQ==",
          "dependencies": [
            "module.dev_securitygroups.aws_security_group.DocJenSona_sg",
            "module.dev_vpc.aws_subnet.JenCont-prv-sn1",
            "module.dev_vpc.aws_vpc.JenCont-vpc",
            "module.keypair.aws_key_pair.JenCont_Key"
          ]
        }
      ]
    },
    {
      "module": "module.dev_instance-ami",
      "mode": "managed",
      "type": "aws_ami_from_instance",
      "name": "instance-ami",
      "provider": "provider[\"registry.terraform.io/hashicorp/aws\"]",
      "instances": [
        {
          "schema_version": 0,
          "attributes": {
            "architecture": "x86_64",
            "arn": "arn:aws:ec2:us-west-2::image/ami-0de2aebf458f54760",
            "boot_mode": "",
            "deprecation_time": "",
            "description": "",
            "ebs_block_device": [
              {
                "delete_on_termination": true,
                "device_name": "/dev/sda1",
                "encrypted": false,
                "iops": 0,
                "outpost_arn": "",
                "snapshot_id": "snap-028cf983f0051c23b",
                "throughput": 0,
                "volume_size": 10,
                "volume_type": "gp2"
              }
            ],
            "ena_support": true,
            "ephemeral_block_device": [],
            "hypervisor": "xen",
            "id": "ami-0de2aebf458f54760",
            "image_location": "842051480147/docker_host_ami",
            "image_owner_alias": "",
            "image_type": "machine",
            "kernel_id": "",
            "manage_ebs_snapshots": true,
            "name": "docker_host_ami",
            "owner_id": "842051480147",
            "platform": "",
            "platform_details": "Red Hat Enterprise Linux",
            "public": false,
            "ramdisk_id": "",
            "root_device_name": "/dev/sda1",
            "root_snapshot_id": "snap-028cf983f0051c23b",
            "snapshot_without_reboot": null,
            "source_instance_id": "i-012884c49235cb602",
            "sriov_net_support": "simple",
            "tags": {
              "Name": "docker_host_ami"
            },
            "tags_all": {
              "Name": "docker_host_ami"
            },
            "timeouts": null,
            "tpm_support": "",
            "usage_operation": "RunInstances:0010",
            "virtualization_type": "hvm"
          },
          "sensitive_attributes": [],
          "private": "eyJlMmJmYjczMC1lY2FhLTExZTYtOGY4OC0zNDM2M2JjN2M0YzAiOnsiY3JlYXRlIjoyNDAwMDAwMDAwMDAwLCJkZWxldGUiOjU0MDAwMDAwMDAwMDAsInVwZGF0ZSI6MjQwMDAwMDAwMDAwMH19",
          "dependencies": [
            "module.dev_docker.aws_instance.JenCont-Docker-Server"
          ]
        }
      ]
    },
    {
      "module": "module.dev_jenkins",
      "mode": "managed",
      "type": "aws_instance",
      "name": "Jenkins-Host",
      "provider": "provider[\"registry.terraform.io/hashicorp/aws\"]",
      "instances": [
        {
          "schema_version": 1,
          "attributes": {
            "ami": "ami-08970fb2e5767e3b8",
            "arn": "arn:aws:ec2:us-west-2:842051480147:instance/i-0a03d7c8084694923",
            "associate_public_ip_address": true,
            "availability_zone": "us-west-2a",
            "capacity_reservation_specification": [
              {
                "capacity_reservation_preference": "open",
                "capacity_reservation_target": []
              }
            ],
            "cpu_core_count": 2,
            "cpu_threads_per_core": 1,
            "credit_specification": [
              {
                "cpu_credits": "standard"
              }
            ],
            "disable_api_stop": false,
            "disable_api_termination": false,
            "ebs_block_device": [],
            "ebs_optimized": false,
            "enclave_options": [
              {
                "enabled": false
              }
            ],
            "ephemeral_block_device": [],
            "get_password_data": false,
            "hibernation": false,
            "host_id": null,
            "host_resource_group_arn": null,
            "iam_instance_profile": "",
            "id": "i-0a03d7c8084694923",
            "instance_initiated_shutdown_behavior": "stop",
            "instance_state": "running",
            "instance_type": "t2.medium",
            "ipv6_address_count": 0,
            "ipv6_addresses": [],
            "key_name": "test-key",
            "launch_template": [],
            "maintenance_options": [
              {
                "auto_recovery": "default"
              }
            ],
            "metadata_options": [
              {
                "http_endpoint": "enabled",
                "http_put_response_hop_limit": 1,
                "http_tokens": "optional",
                "instance_metadata_tags": "disabled"
              }
            ],
            "monitoring": false,
            "network_interface": [],
            "outpost_arn": "",
            "password_data": "",
            "placement_group": "",
            "placement_partition_number": null,
            "primary_network_interface_id": "eni-0c14ab68c72fa36cc",
            "private_dns": "ip-10-0-1-98.us-west-2.compute.internal",
            "private_dns_name_options": [
              {
                "enable_resource_name_dns_a_record": false,
                "enable_resource_name_dns_aaaa_record": false,
                "hostname_type": "ip-name"
              }
            ],
            "private_ip": "10.0.1.98",
            "public_dns": "",
            "public_ip": "34.217.134.219",
            "root_block_device": [
              {
                "delete_on_termination": true,
                "device_name": "/dev/sda1",
                "encrypted": false,
                "iops": 100,
                "kms_key_id": "",
                "tags": {},
                "throughput": 0,
                "volume_id": "vol-09aac36b05d0dd79a",
                "volume_size": 10,
                "volume_type": "gp2"
              }
            ],
            "secondary_private_ips": [],
            "security_groups": [],
            "source_dest_check": true,
            "subnet_id": "subnet-027b573712087375b",
            "tags": {
              "Name": "Jenkins-Server"
            },
            "tags_all": {
              "Name": "Jenkins-Server"
            },
            "tenancy": "default",
            "timeouts": null,
            "user_data": "63c5831e125bcd819441eea70d306ba9c35d9222",
            "user_data_base64": null,
            "user_data_replace_on_change": false,
            "volume_tags": null,
            "vpc_security_group_ids": [
              "sg-0debc528c6af01b9a"
            ]
          },
          "sensitive_attributes": [
            [
              {
                "type": "get_attr",
                "value": "user_data"
              }
            ]
          ],
          "private": "eyJlMmJmYjczMC1lY2FhLTExZTYtOGY4OC0zNDM2M2JjN2M0YzAiOnsiY3JlYXRlIjo2MDAwMDAwMDAwMDAsImRlbGV0ZSI6MTIwMDAwMDAwMDAwMCwidXBkYXRlIjo2MDAwMDAwMDAwMDB9LCJzY2hlbWFfdmVyc2lvbiI6IjEifQ==",
          "dependencies": [
            "module.dev_securitygroups.aws_security_group.DocJenSona_sg",
            "module.dev_vpc.aws_subnet.JenCont-pub-sn1",
            "module.keypair.aws_key_pair.JenCont_Key"
          ]
        }
      ]
    },
    {
      "module": "module.dev_jenkins_lb",
      "mode": "managed",
      "type": "aws_elb",
      "name": "jenkins-lb",
      "provider": "provider[\"registry.terraform.io/hashicorp/aws\"]",
      "instances": [
        {
          "schema_version": 0,
          "attributes": {
            "access_logs": [],
            "arn": "arn:aws:elasticloadbalancing:us-west-2:842051480147:loadbalancer/jenkins-lb",
            "availability_zones": [
              "us-west-2a"
            ],
            "connection_draining": true,
            "connection_draining_timeout": 400,
            "cross_zone_load_balancing": true,
            "desync_mitigation_mode": "defensive",
            "dns_name": "jenkins-lb-1084522988.us-west-2.elb.amazonaws.com",
            "health_check": [
              {
                "healthy_threshold": 2,
                "interval": 30,
                "target": "TCP:8080",
                "timeout": 3,
                "unhealthy_threshold": 2
              }
            ],
            "id": "jenkins-lb",
            "idle_timeout": 400,
            "instances": [
              "i-0a03d7c8084694923"
            ],
            "internal": false,
            "listener": [
              {
                "instance_port": 8080,
                "instance_protocol": "http",
                "lb_port": 80,
                "lb_protocol": "http",
                "ssl_certificate_id": ""
              }
            ],
            "name": "jenkins-lb",
            "name_prefix": null,
            "security_groups": [
              "sg-0debc528c6af01b9a"
            ],
            "source_security_group": "842051480147/DocJenSona_sg",
            "source_security_group_id": "sg-0debc528c6af01b9a",
            "subnets": [
              "subnet-027b573712087375b"
            ],
            "tags": {
              "Name": "jenkins-lb"
            },
            "tags_all": {
              "Name": "jenkins-lb"
            },
            "zone_id": "Z1H1FL5HABSF5"
          },
          "sensitive_attributes": [],
          "private": "bnVsbA==",
          "dependencies": [
            "module.dev_jenkins.aws_instance.Jenkins-Host",
            "module.dev_securitygroups.aws_security_group.DocJenSona_sg",
            "module.dev_vpc.aws_subnet.JenCont-pub-sn1",
            "module.keypair.aws_key_pair.JenCont_Key"
          ]
        }
      ]
    },
    {
      "module": "module.dev_launch_config",
      "mode": "managed",
      "type": "aws_launch_configuration",
      "name": "instance-asg-lc",
      "provider": "provider[\"registry.terraform.io/hashicorp/aws\"]",
      "instances": [
        {
          "schema_version": 0,
          "attributes": {
            "arn": "arn:aws:autoscaling:us-west-2:842051480147:launchConfiguration:70357a53-a6b0-469d-9a9c-19f2378f7e8e:launchConfigurationName/docker-asg",
            "associate_public_ip_address": true,
            "ebs_block_device": [],
            "ebs_optimized": false,
            "enable_monitoring": true,
            "ephemeral_block_device": [],
            "iam_instance_profile": "",
            "id": "docker-asg",
            "image_id": "ami-0de2aebf458f54760",
            "instance_type": "t2.medium",
            "key_name": "test-key",
            "metadata_options": [],
            "name": "docker-asg",
            "name_prefix": "",
            "placement_tenancy": "",
            "root_block_device": [],
            "security_groups": [
              "sg-0debc528c6af01b9a"
            ],
            "spot_price": "",
            "user_data": "02465fd980808656911c4f6828d3b72efe2aab21",
            "user_data_base64": null,
            "vpc_classic_link_id": "",
            "vpc_classic_link_security_groups": null
          },
          "sensitive_attributes": [],
          "private": "bnVsbA==",
          "dependencies": [
            "module.dev_docker.aws_instance.JenCont-Docker-Server",
            "module.dev_instance-ami.aws_ami_from_instance.instance-ami",
            "module.dev_securitygroups.aws_security_group.DocJenSona_sg",
            "module.keypair.aws_key_pair.JenCont_Key"
          ]
        }
      ]
    },
    {
      "module": "module.dev_loadbalance",
      "mode": "managed",
      "type": "aws_lb",
      "name": "JenContainer-lb",
      "provider": "provider[\"registry.terraform.io/hashicorp/aws\"]",
      "instances": [
        {
          "schema_version": 0,
          "attributes": {
            "access_logs": [
              {
                "bucket": "",
                "enabled": false,
                "prefix": ""
              }
            ],
            "arn": "arn:aws:elasticloadbalancing:us-west-2:842051480147:loadbalancer/app/JenContainer-lb/484163afbb9bd45e",
            "arn_suffix": "app/JenContainer-lb/484163afbb9bd45e",
            "customer_owned_ipv4_pool": "",
            "desync_mitigation_mode": "defensive",
            "dns_name": "JenContainer-lb-526955896.us-west-2.elb.amazonaws.com",
            "drop_invalid_header_fields": false,
            "enable_cross_zone_load_balancing": null,
            "enable_deletion_protection": false,
            "enable_http2": true,
            "enable_waf_fail_open": false,
            "id": "arn:aws:elasticloadbalancing:us-west-2:842051480147:loadbalancer/app/JenContainer-lb/484163afbb9bd45e",
            "idle_timeout": 60,
            "internal": false,
            "ip_address_type": "ipv4",
            "load_balancer_type": "application",
            "name": "JenContainer-lb",
            "name_prefix": null,
            "preserve_host_header": false,
            "security_groups": [
              "sg-0debc528c6af01b9a"
            ],
            "subnet_mapping": [
              {
                "allocation_id": "",
                "ipv6_address": "",
                "outpost_id": "",
                "private_ipv4_address": "",
                "subnet_id": "subnet-00130f64fa8c094f0"
              },
              {
                "allocation_id": "",
                "ipv6_address": "",
                "outpost_id": "",
                "private_ipv4_address": "",
                "subnet_id": "subnet-027b573712087375b"
              }
            ],
            "subnets": [
              "subnet-00130f64fa8c094f0",
              "subnet-027b573712087375b"
            ],
            "tags": null,
            "tags_all": {},
            "timeouts": null,
            "vpc_id": "vpc-0b89c6cc26e393100",
            "zone_id": "Z1H1FL5HABSF5"
          },
          "sensitive_attributes": [],
          "private": "eyJlMmJmYjczMC1lY2FhLTExZTYtOGY4OC0zNDM2M2JjN2M0YzAiOnsiY3JlYXRlIjo2MDAwMDAwMDAwMDAsImRlbGV0ZSI6NjAwMDAwMDAwMDAwLCJ1cGRhdGUiOjYwMDAwMDAwMDAwMH19",
          "dependencies": [
            "module.dev_securitygroups.aws_security_group.DocJenSona_sg",
            "module.dev_vpc.aws_subnet.JenCont-pub-sn1",
            "module.dev_vpc.aws_subnet.JenCont-pub-sn2"
          ]
        }
      ]
    },
    {
      "module": "module.dev_loadbalance",
      "mode": "managed",
      "type": "aws_lb_listener",
      "name": "JenContainer_lb_lisner",
      "provider": "provider[\"registry.terraform.io/hashicorp/aws\"]",
      "instances": [
        {
          "schema_version": 0,
          "attributes": {
            "alpn_policy": null,
            "arn": "arn:aws:elasticloadbalancing:us-west-2:842051480147:listener/app/JenContainer-lb/484163afbb9bd45e/a4dc70bb99055c64",
            "certificate_arn": null,
            "default_action": [
              {
                "authenticate_cognito": [],
                "authenticate_oidc": [],
                "fixed_response": [],
                "forward": [],
                "order": 1,
                "redirect": [],
                "target_group_arn": "arn:aws:elasticloadbalancing:us-west-2:842051480147:targetgroup/Jencontainer-tg/3e5bcd0ca66a2a2d",
                "type": "forward"
              }
            ],
            "id": "arn:aws:elasticloadbalancing:us-west-2:842051480147:listener/app/JenContainer-lb/484163afbb9bd45e/a4dc70bb99055c64",
            "load_balancer_arn": "arn:aws:elasticloadbalancing:us-west-2:842051480147:loadbalancer/app/JenContainer-lb/484163afbb9bd45e",
            "port": 80,
            "protocol": "HTTP",
            "ssl_policy": "",
            "tags": null,
            "tags_all": {},
            "timeouts": null
          },
          "sensitive_attributes": [],
          "private": "eyJlMmJmYjczMC1lY2FhLTExZTYtOGY4OC0zNDM2M2JjN2M0YzAiOnsicmVhZCI6NjAwMDAwMDAwMDAwfX0=",
          "dependencies": [
            "module.dev_loadbalance.aws_lb.JenContainer-lb",
            "module.dev_loadbalance.aws_lb_target_group.Jencontainer-tg",
            "module.dev_securitygroups.aws_security_group.DocJenSona_sg",
            "module.dev_vpc.aws_subnet.JenCont-pub-sn1",
            "module.dev_vpc.aws_subnet.JenCont-pub-sn2",
            "module.dev_vpc.aws_vpc.JenCont-vpc"
          ]
        }
      ]
    },
    {
      "module": "module.dev_loadbalance",
      "mode": "managed",
      "type": "aws_lb_target_group",
      "name": "Jencontainer-tg",
      "provider": "provider[\"registry.terraform.io/hashicorp/aws\"]",
      "instances": [
        {
          "schema_version": 0,
          "attributes": {
            "arn": "arn:aws:elasticloadbalancing:us-west-2:842051480147:targetgroup/Jencontainer-tg/3e5bcd0ca66a2a2d",
            "arn_suffix": "targetgroup/Jencontainer-tg/3e5bcd0ca66a2a2d",
            "connection_termination": false,
            "deregistration_delay": "300",
            "health_check": [
              {
                "enabled": true,
                "healthy_threshold": 2,
                "interval": 30,
                "matcher": "200",
                "path": "/",
                "port": "traffic-port",
                "protocol": "HTTP",
                "timeout": 3,
                "unhealthy_threshold": 2
              }
            ],
            "id": "arn:aws:elasticloadbalancing:us-west-2:842051480147:targetgroup/Jencontainer-tg/3e5bcd0ca66a2a2d",
            "ip_address_type": null,
            "lambda_multi_value_headers_enabled": false,
            "load_balancing_algorithm_type": "round_robin",
            "name": "Jencontainer-tg",
            "name_prefix": null,
            "port": 8080,
            "preserve_client_ip": null,
            "protocol": "HTTP",
            "protocol_version": "HTTP1",
            "proxy_protocol_v2": false,
            "slow_start": 0,
            "stickiness": [
              {
                "cookie_duration": 86400,
                "cookie_name": "",
                "enabled": false,
                "type": "lb_cookie"
              }
            ],
            "tags": null,
            "tags_all": {},
            "target_type": "instance",
            "vpc_id": "vpc-0b89c6cc26e393100"
          },
          "sensitive_attributes": [],
          "private": "bnVsbA==",
          "dependencies": [
            "module.dev_vpc.aws_vpc.JenCont-vpc"
          ]
        }
      ]
    },
    {
      "module": "module.dev_loadbalance",
      "mode": "managed",
      "type": "aws_lb_target_group_attachment",
      "name": "PEP_attachmenet_TG",
      "provider": "provider[\"registry.terraform.io/hashicorp/aws\"]",
      "instances": [
        {
          "schema_version": 0,
          "attributes": {
            "availability_zone": null,
            "id": "arn:aws:elasticloadbalancing:us-west-2:842051480147:targetgroup/Jencontainer-tg/3e5bcd0ca66a2a2d-20221015171719061400000002",
            "port": 8080,
            "target_group_arn": "arn:aws:elasticloadbalancing:us-west-2:842051480147:targetgroup/Jencontainer-tg/3e5bcd0ca66a2a2d",
            "target_id": "i-012884c49235cb602"
          },
          "sensitive_attributes": [],
          "private": "bnVsbA==",
          "dependencies": [
            "module.dev_docker.aws_instance.JenCont-Docker-Server",
            "module.dev_loadbalance.aws_lb_target_group.Jencontainer-tg",
            "module.dev_vpc.aws_vpc.JenCont-vpc"
          ]
        }
      ]
    },
    {
      "module": "module.dev_route53",
      "mode": "managed",
      "type": "aws_route53_record",
      "name": "JenCont-www",
      "provider": "provider[\"registry.terraform.io/hashicorp/aws\"]",
      "instances": [
        {
          "schema_version": 2,
          "attributes": {
            "alias": [
              {
                "evaluate_target_health": true,
                "name": "jencontainer-lb-526955896.us-west-2.elb.amazonaws.com",
                "zone_id": "Z1H1FL5HABSF5"
              }
            ],
            "allow_overwrite": null,
            "failover_routing_policy": [],
            "fqdn": "daiconapp.com",
            "geolocation_routing_policy": [],
            "health_check_id": null,
            "id": "Z03809123DBVBAD7NAO71_daiconapp.com_A",
            "latency_routing_policy": [],
            "multivalue_answer_routing_policy": null,
            "name": "daiconapp.com",
            "records": null,
            "set_identifier": null,
            "ttl": null,
            "type": "A",
            "weighted_routing_policy": [],
            "zone_id": "Z03809123DBVBAD7NAO71"
          },
          "sensitive_attributes": [],
          "private": "eyJzY2hlbWFfdmVyc2lvbiI6IjIifQ==",
          "dependencies": [
            "module.dev_loadbalance.aws_lb.JenContainer-lb",
            "module.dev_route53.aws_route53_zone.JenCont-zone",
            "module.dev_securitygroups.aws_security_group.DocJenSona_sg",
            "module.dev_vpc.aws_subnet.JenCont-pub-sn1",
            "module.dev_vpc.aws_subnet.JenCont-pub-sn2"
          ]
        }
      ]
    },
    {
      "module": "module.dev_route53",
      "mode": "managed",
      "type": "aws_route53_zone",
      "name": "JenCont-zone",
      "provider": "provider[\"registry.terraform.io/hashicorp/aws\"]",
      "instances": [
        {
          "schema_version": 0,
          "attributes": {
            "arn": "arn:aws:route53:::hostedzone/Z03809123DBVBAD7NAO71",
            "comment": "Managed by Terraform",
            "delegation_set_id": "",
            "force_destroy": true,
            "id": "Z03809123DBVBAD7NAO71",
            "name": "daiconapp.com",
            "name_servers": [
              "ns-1360.awsdns-42.org",
              "ns-162.awsdns-20.com",
              "ns-1941.awsdns-50.co.uk",
              "ns-972.awsdns-57.net"
            ],
            "tags": null,
            "tags_all": {},
            "vpc": [],
            "zone_id": "Z03809123DBVBAD7NAO71"
          },
          "sensitive_attributes": [],
          "private": "bnVsbA=="
        }
      ]
    },
    {
      "module": "module.dev_s3_bucket-dynamodb",
      "mode": "managed",
      "type": "aws_dynamodb_table",
      "name": "terraform_locks",
      "provider": "provider[\"registry.terraform.io/hashicorp/aws\"]",
      "instances": [
        {
          "schema_version": 1,
          "attributes": {
            "arn": "arn:aws:dynamodb:us-west-2:842051480147:table/terraform-state_locking",
            "attribute": [
              {
                "name": "LockID",
                "type": "S"
              }
            ],
            "billing_mode": "PAY_PER_REQUEST",
            "global_secondary_index": [],
            "hash_key": "LockID",
            "id": "terraform-state_locking",
            "local_secondary_index": [],
            "name": "terraform-state_locking",
            "point_in_time_recovery": [
              {
                "enabled": false
              }
            ],
            "range_key": null,
            "read_capacity": 0,
            "replica": [],
            "restore_date_time": null,
            "restore_source_name": null,
            "restore_to_latest_time": null,
            "server_side_encryption": [],
            "stream_arn": "",
            "stream_enabled": false,
            "stream_label": "",
            "stream_view_type": "",
            "table_class": "",
            "tags": {},
            "tags_all": {},
            "timeouts": null,
            "ttl": [
              {
                "attribute_name": "",
                "enabled": false
              }
            ],
            "write_capacity": 0
          },
          "sensitive_attributes": [],
          "private": "eyJlMmJmYjczMC1lY2FhLTExZTYtOGY4OC0zNDM2M2JjN2M0YzAiOnsiY3JlYXRlIjoxODAwMDAwMDAwMDAwLCJkZWxldGUiOjYwMDAwMDAwMDAwMCwidXBkYXRlIjozNjAwMDAwMDAwMDAwfSwic2NoZW1hX3ZlcnNpb24iOiIxIn0="
        }
      ]
    },
    {
      "module": "module.dev_s3_bucket-dynamodb",
      "mode": "managed",
      "type": "aws_s3_bucket",
      "name": "terraform_state",
      "provider": "provider[\"registry.terraform.io/hashicorp/aws\"]",
      "instances": [
        {
          "schema_version": 0,
          "attributes": {
            "acceleration_status": "",
            "acl": null,
            "arn": "arn:aws:s3:::terraformstatedaicon",
            "bucket": "terraformstatedaicon",
            "bucket_domain_name": "terraformstatedaicon.s3.amazonaws.com",
            "bucket_prefix": null,
            "bucket_regional_domain_name": "terraformstatedaicon.s3.us-west-2.amazonaws.com",
            "cors_rule": [],
            "force_destroy": false,
            "grant": [
              {
                "id": "22cf9449bf317cc58fdf48c4c535db55250b6e316481306f7c34967f37292823",
                "permissions": [
                  "FULL_CONTROL"
                ],
                "type": "CanonicalUser",
                "uri": ""
              }
            ],
            "hosted_zone_id": "Z3BJ6K6RIION7M",
            "id": "terraformstatedaicon",
            "lifecycle_rule": [],
            "logging": [],
            "object_lock_configuration": [],
            "object_lock_enabled": false,
            "policy": "",
            "region": "us-west-2",
            "replication_configuration": [],
            "request_payer": "BucketOwner",
            "server_side_encryption_configuration": [
              {
                "rule": [
                  {
                    "apply_server_side_encryption_by_default": [
                      {
                        "kms_master_key_id": "",
                        "sse_algorithm": "AES256"
                      }
                    ],
                    "bucket_key_enabled": false
                  }
                ]
              }
            ],
            "tags": {},
            "tags_all": {},
            "timeouts": null,
            "versioning": [
              {
                "enabled": true,
                "mfa_delete": false
              }
            ],
            "website": [],
            "website_domain": null,
            "website_endpoint": null
          },
          "sensitive_attributes": [],
          "private": "eyJlMmJmYjczMC1lY2FhLTExZTYtOGY4OC0zNDM2M2JjN2M0YzAiOnsiY3JlYXRlIjoxMjAwMDAwMDAwMDAwLCJkZWxldGUiOjM2MDAwMDAwMDAwMDAsInJlYWQiOjEyMDAwMDAwMDAwMDAsInVwZGF0ZSI6MTIwMDAwMDAwMDAwMH19"
        }
      ]
    },
    {
      "module": "module.dev_securitygroups",
      "mode": "managed",
      "type": "aws_security_group",
      "name": "DocJenSona_sg",
      "provider": "provider[\"registry.terraform.io/hashicorp/aws\"]",
      "instances": [
        {
          "schema_version": 1,
          "attributes": {
            "arn": "arn:aws:ec2:us-west-2:842051480147:security-group/sg-0debc528c6af01b9a",
            "description": "Managed by Terraform",
            "egress": [
              {
                "cidr_blocks": [
                  "0.0.0.0/0"
                ],
                "description": "",
                "from_port": 0,
                "ipv6_cidr_blocks": [],
                "prefix_list_ids": [],
                "protocol": "-1",
                "security_groups": [],
                "self": false,
                "to_port": 0
              }
            ],
            "id": "sg-0debc528c6af01b9a",
            "ingress": [
              {
                "cidr_blocks": [
                  "0.0.0.0/0"
                ],
                "description": "Allow custom port which is port 8080",
                "from_port": 8080,
                "ipv6_cidr_blocks": [],
                "prefix_list_ids": [],
                "protocol": "tcp",
                "security_groups": [],
                "self": false,
                "to_port": 8080
              },
              {
                "cidr_blocks": [
                  "0.0.0.0/0"
                ],
                "description": "Allow http port which is port 80",
                "from_port": 80,
                "ipv6_cidr_blocks": [],
                "prefix_list_ids": [],
                "protocol": "tcp",
                "security_groups": [],
                "self": false,
                "to_port": 80
              },
              {
                "cidr_blocks": [
                  "0.0.0.0/0"
                ],
                "description": "Allow sonar port which is port 9000",
                "from_port": 9000,
                "ipv6_cidr_blocks": [],
                "prefix_list_ids": [],
                "protocol": "tcp",
                "security_groups": [],
                "self": false,
                "to_port": 9000
              },
              {
                "cidr_blocks": [
                  "0.0.0.0/0"
                ],
                "description": "Allow ssh port which is port 22",
                "from_port": 22,
                "ipv6_cidr_blocks": [],
                "prefix_list_ids": [],
                "protocol": "tcp",
                "security_groups": [],
                "self": false,
                "to_port": 22
              }
            ],
            "name": "DocJenSona_sg",
            "name_prefix": "",
            "owner_id": "842051480147",
            "revoke_rules_on_delete": false,
            "tags": {
              "Name": "DocJenSona_sg"
            },
            "tags_all": {
              "Name": "DocJenSona_sg"
            },
            "timeouts": null,
            "vpc_id": "vpc-0b89c6cc26e393100"
          },
          "sensitive_attributes": [],
          "private": "eyJlMmJmYjczMC1lY2FhLTExZTYtOGY4OC0zNDM2M2JjN2M0YzAiOnsiY3JlYXRlIjo2MDAwMDAwMDAwMDAsImRlbGV0ZSI6OTAwMDAwMDAwMDAwfSwic2NoZW1hX3ZlcnNpb24iOiIxIn0=",
          "dependencies": [
            "module.dev_vpc.aws_vpc.JenCont-vpc"
          ]
        }
      ]
    },
    {
      "module": "module.dev_securitygroups",
      "mode": "managed",
      "type": "aws_security_group_rule",
      "name": "allow_custom",
      "provider": "provider[\"registry.terraform.io/hashicorp/aws\"]",
      "instances": [
        {
          "schema_version": 2,
          "attributes": {
            "cidr_blocks": [
              "0.0.0.0/0"
            ],
            "description": "Allow custom port which is port 8080",
            "from_port": 8080,
            "id": "sgrule-3909702776",
            "ipv6_cidr_blocks": null,
            "prefix_list_ids": null,
            "protocol": "tcp",
            "security_group_id": "sg-0debc528c6af01b9a",
            "self": false,
            "source_security_group_id": null,
            "timeouts": null,
            "to_port": 8080,
            "type": "ingress"
          },
          "sensitive_attributes": [],
          "private": "eyJlMmJmYjczMC1lY2FhLTExZTYtOGY4OC0zNDM2M2JjN2M0YzAiOnsiY3JlYXRlIjozMDAwMDAwMDAwMDB9LCJzY2hlbWFfdmVyc2lvbiI6IjIifQ==",
          "dependencies": [
            "module.dev_securitygroups.aws_security_group.DocJenSona_sg",
            "module.dev_vpc.aws_vpc.JenCont-vpc"
          ]
        }
      ]
    },
    {
      "module": "module.dev_securitygroups",
      "mode": "managed",
      "type": "aws_security_group_rule",
      "name": "allow_http",
      "provider": "provider[\"registry.terraform.io/hashicorp/aws\"]",
      "instances": [
        {
          "schema_version": 2,
          "attributes": {
            "cidr_blocks": [
              "0.0.0.0/0"
            ],
            "description": "Allow http port which is port 80",
            "from_port": 80,
            "id": "sgrule-4286730095",
            "ipv6_cidr_blocks": null,
            "prefix_list_ids": null,
            "protocol": "tcp",
            "security_group_id": "sg-0debc528c6af01b9a",
            "self": false,
            "source_security_group_id": null,
            "timeouts": null,
            "to_port": 80,
            "type": "ingress"
          },
          "sensitive_attributes": [],
          "private": "eyJlMmJmYjczMC1lY2FhLTExZTYtOGY4OC0zNDM2M2JjN2M0YzAiOnsiY3JlYXRlIjozMDAwMDAwMDAwMDB9LCJzY2hlbWFfdmVyc2lvbiI6IjIifQ==",
          "dependencies": [
            "module.dev_securitygroups.aws_security_group.DocJenSona_sg",
            "module.dev_vpc.aws_vpc.JenCont-vpc"
          ]
        }
      ]
    },
    {
      "module": "module.dev_securitygroups",
      "mode": "managed",
      "type": "aws_security_group_rule",
      "name": "allow_outgoing",
      "provider": "provider[\"registry.terraform.io/hashicorp/aws\"]",
      "instances": [
        {
          "schema_version": 2,
          "attributes": {
            "cidr_blocks": [
              "0.0.0.0/0"
            ],
            "description": "",
            "from_port": 0,
            "id": "sgrule-2675022784",
            "ipv6_cidr_blocks": null,
            "prefix_list_ids": null,
            "protocol": "-1",
            "security_group_id": "sg-0debc528c6af01b9a",
            "self": false,
            "source_security_group_id": null,
            "timeouts": null,
            "to_port": 0,
            "type": "egress"
          },
          "sensitive_attributes": [],
          "private": "eyJlMmJmYjczMC1lY2FhLTExZTYtOGY4OC0zNDM2M2JjN2M0YzAiOnsiY3JlYXRlIjozMDAwMDAwMDAwMDB9LCJzY2hlbWFfdmVyc2lvbiI6IjIifQ==",
          "dependencies": [
            "module.dev_securitygroups.aws_security_group.DocJenSona_sg",
            "module.dev_vpc.aws_vpc.JenCont-vpc"
          ]
        }
      ]
    },
    {
      "module": "module.dev_securitygroups",
      "mode": "managed",
      "type": "aws_security_group_rule",
      "name": "allow_sona",
      "provider": "provider[\"registry.terraform.io/hashicorp/aws\"]",
      "instances": [
        {
          "schema_version": 2,
          "attributes": {
            "cidr_blocks": [
              "0.0.0.0/0"
            ],
            "description": "Allow sonar port which is port 9000",
            "from_port": 9000,
            "id": "sgrule-1646446373",
            "ipv6_cidr_blocks": null,
            "prefix_list_ids": null,
            "protocol": "tcp",
            "security_group_id": "sg-0debc528c6af01b9a",
            "self": false,
            "source_security_group_id": null,
            "timeouts": null,
            "to_port": 9000,
            "type": "ingress"
          },
          "sensitive_attributes": [],
          "private": "eyJlMmJmYjczMC1lY2FhLTExZTYtOGY4OC0zNDM2M2JjN2M0YzAiOnsiY3JlYXRlIjozMDAwMDAwMDAwMDB9LCJzY2hlbWFfdmVyc2lvbiI6IjIifQ==",
          "dependencies": [
            "module.dev_securitygroups.aws_security_group.DocJenSona_sg",
            "module.dev_vpc.aws_vpc.JenCont-vpc"
          ]
        }
      ]
    },
    {
      "module": "module.dev_securitygroups",
      "mode": "managed",
      "type": "aws_security_group_rule",
      "name": "allow_ssh",
      "provider": "provider[\"registry.terraform.io/hashicorp/aws\"]",
      "instances": [
        {
          "schema_version": 2,
          "attributes": {
            "cidr_blocks": [
              "0.0.0.0/0"
            ],
            "description": "Allow ssh port which is port 22",
            "from_port": 22,
            "id": "sgrule-1225265882",
            "ipv6_cidr_blocks": null,
            "prefix_list_ids": null,
            "protocol": "tcp",
            "security_group_id": "sg-0debc528c6af01b9a",
            "self": false,
            "source_security_group_id": null,
            "timeouts": null,
            "to_port": 22,
            "type": "ingress"
          },
          "sensitive_attributes": [],
          "private": "eyJlMmJmYjczMC1lY2FhLTExZTYtOGY4OC0zNDM2M2JjN2M0YzAiOnsiY3JlYXRlIjozMDAwMDAwMDAwMDB9LCJzY2hlbWFfdmVyc2lvbiI6IjIifQ==",
          "dependencies": [
            "module.dev_securitygroups.aws_security_group.DocJenSona_sg",
            "module.dev_vpc.aws_vpc.JenCont-vpc"
          ]
        }
      ]
    },
    {
      "module": "module.dev_sonarQube",
      "mode": "managed",
      "type": "aws_instance",
      "name": "sonarQube-Host",
      "provider": "provider[\"registry.terraform.io/hashicorp/aws\"]",
      "instances": [
        {
          "schema_version": 1,
          "attributes": {
            "ami": "ami-08970fb2e5767e3b8",
            "arn": "arn:aws:ec2:us-west-2:842051480147:instance/i-00f92f65d66b7432e",
            "associate_public_ip_address": true,
            "availability_zone": "us-west-2b",
            "capacity_reservation_specification": [
              {
                "capacity_reservation_preference": "open",
                "capacity_reservation_target": []
              }
            ],
            "cpu_core_count": 2,
            "cpu_threads_per_core": 1,
            "credit_specification": [
              {
                "cpu_credits": "standard"
              }
            ],
            "disable_api_stop": false,
            "disable_api_termination": false,
            "ebs_block_device": [],
            "ebs_optimized": false,
            "enclave_options": [
              {
                "enabled": false
              }
            ],
            "ephemeral_block_device": [],
            "get_password_data": false,
            "hibernation": false,
            "host_id": null,
            "host_resource_group_arn": null,
            "iam_instance_profile": "",
            "id": "i-00f92f65d66b7432e",
            "instance_initiated_shutdown_behavior": "stop",
            "instance_state": "running",
            "instance_type": "t2.medium",
            "ipv6_address_count": 0,
            "ipv6_addresses": [],
            "key_name": "test-key",
            "launch_template": [],
            "maintenance_options": [
              {
                "auto_recovery": "default"
              }
            ],
            "metadata_options": [
              {
                "http_endpoint": "enabled",
                "http_put_response_hop_limit": 1,
                "http_tokens": "optional",
                "instance_metadata_tags": "disabled"
              }
            ],
            "monitoring": false,
            "network_interface": [],
            "outpost_arn": "",
            "password_data": "",
            "placement_group": "",
            "placement_partition_number": null,
            "primary_network_interface_id": "eni-06086690f0a4456d9",
            "private_dns": "ip-10-0-2-71.us-west-2.compute.internal",
            "private_dns_name_options": [
              {
                "enable_resource_name_dns_a_record": false,
                "enable_resource_name_dns_aaaa_record": false,
                "hostname_type": "ip-name"
              }
            ],
            "private_ip": "10.0.2.71",
            "public_dns": "",
            "public_ip": "54.214.197.40",
            "root_block_device": [
              {
                "delete_on_termination": true,
                "device_name": "/dev/sda1",
                "encrypted": false,
                "iops": 100,
                "kms_key_id": "",
                "tags": {},
                "throughput": 0,
                "volume_id": "vol-08d78cedfbf505bec",
                "volume_size": 10,
                "volume_type": "gp2"
              }
            ],
            "secondary_private_ips": [],
            "security_groups": [],
            "source_dest_check": true,
            "subnet_id": "subnet-00130f64fa8c094f0",
            "tags": {
              "Name": "sonarQube-Server"
            },
            "tags_all": {
              "Name": "sonarQube-Server"
            },
            "tenancy": "default",
            "timeouts": null,
            "user_data": "1024283d85f1e789857c231b54b9611fbf5c394b",
            "user_data_base64": null,
            "user_data_replace_on_change": false,
            "volume_tags": null,
            "vpc_security_group_ids": [
              "sg-0debc528c6af01b9a"
            ]
          },
          "sensitive_attributes": [],
          "private": "eyJlMmJmYjczMC1lY2FhLTExZTYtOGY4OC0zNDM2M2JjN2M0YzAiOnsiY3JlYXRlIjo2MDAwMDAwMDAwMDAsImRlbGV0ZSI6MTIwMDAwMDAwMDAwMCwidXBkYXRlIjo2MDAwMDAwMDAwMDB9LCJzY2hlbWFfdmVyc2lvbiI6IjEifQ==",
          "dependencies": [
            "module.dev_securitygroups.aws_security_group.DocJenSona_sg",
            "module.dev_vpc.aws_subnet.JenCont-pub-sn2"
          ]
        }
      ]
    },
    {
      "module": "module.dev_vpc",
      "mode": "managed",
      "type": "aws_eip",
      "name": "JenCont_EIP",
      "provider": "provider[\"registry.terraform.io/hashicorp/aws\"]",
      "instances": [
        {
          "schema_version": 0,
          "attributes": {
            "address": null,
            "allocation_id": "eipalloc-0ec3f03cc72b97560",
            "associate_with_private_ip": null,
            "association_id": "eipassoc-0cfd787639fc94eb2",
            "carrier_ip": "",
            "customer_owned_ip": "",
            "customer_owned_ipv4_pool": "",
            "domain": "vpc",
            "id": "eipalloc-0ec3f03cc72b97560",
            "instance": "",
            "network_border_group": "us-west-2",
            "network_interface": "eni-0cf2ac1526f487076",
            "private_dns": "ip-10-0-1-167.us-west-2.compute.internal",
            "private_ip": "10.0.1.167",
            "public_dns": "ec2-35-81-29-254.us-west-2.compute.amazonaws.com",
            "public_ip": "35.81.29.254",
            "public_ipv4_pool": "amazon",
            "tags": {},
            "tags_all": {},
            "timeouts": null,
            "vpc": true
          },
          "sensitive_attributes": [],
          "private": "eyJlMmJmYjczMC1lY2FhLTExZTYtOGY4OC0zNDM2M2JjN2M0YzAiOnsiZGVsZXRlIjoxODAwMDAwMDAwMDAsInJlYWQiOjkwMDAwMDAwMDAwMCwidXBkYXRlIjozMDAwMDAwMDAwMDB9fQ==",
          "dependencies": [
            "module.dev_vpc.aws_internet_gateway.JenCont-igw",
            "module.dev_vpc.aws_vpc.JenCont-vpc"
          ]
        }
      ]
    },
    {
      "module": "module.dev_vpc",
      "mode": "managed",
      "type": "aws_internet_gateway",
      "name": "JenCont-igw",
      "provider": "provider[\"registry.terraform.io/hashicorp/aws\"]",
      "instances": [
        {
          "schema_version": 0,
          "attributes": {
            "arn": "arn:aws:ec2:us-west-2:842051480147:internet-gateway/igw-01d2d81f752ec262c",
            "id": "igw-01d2d81f752ec262c",
            "owner_id": "842051480147",
            "tags": {
              "Name": "JenCont-igw"
            },
            "tags_all": {
              "Name": "JenCont-igw"
            },
            "timeouts": null,
            "vpc_id": "vpc-0b89c6cc26e393100"
          },
          "sensitive_attributes": [],
          "private": "eyJlMmJmYjczMC1lY2FhLTExZTYtOGY4OC0zNDM2M2JjN2M0YzAiOnsiY3JlYXRlIjoxMjAwMDAwMDAwMDAwLCJkZWxldGUiOjEyMDAwMDAwMDAwMDAsInVwZGF0ZSI6MTIwMDAwMDAwMDAwMH19",
          "dependencies": [
            "module.dev_vpc.aws_vpc.JenCont-vpc"
          ]
        }
      ]
    },
    {
      "module": "module.dev_vpc",
      "mode": "managed",
      "type": "aws_nat_gateway",
      "name": "JenCont_NAT_GW",
      "provider": "provider[\"registry.terraform.io/hashicorp/aws\"]",
      "instances": [
        {
          "schema_version": 0,
          "attributes": {
            "allocation_id": "eipalloc-0ec3f03cc72b97560",
            "connectivity_type": "public",
            "id": "nat-0accbc984f8cee114",
            "network_interface_id": "eni-0cf2ac1526f487076",
            "private_ip": "10.0.1.167",
            "public_ip": "35.81.29.254",
            "subnet_id": "subnet-027b573712087375b",
            "tags": {
              "Name": "JenCont_NAT_GW"
            },
            "tags_all": {
              "Name": "JenCont_NAT_GW"
            }
          },
          "sensitive_attributes": [],
          "private": "bnVsbA==",
          "dependencies": [
            "module.dev_vpc.aws_eip.JenCont_EIP",
            "module.dev_vpc.aws_internet_gateway.JenCont-igw",
            "module.dev_vpc.aws_subnet.JenCont-pub-sn1",
            "module.dev_vpc.aws_vpc.JenCont-vpc"
          ]
        }
      ]
    },
    {
      "module": "module.dev_vpc",
      "mode": "managed",
      "type": "aws_route_table",
      "name": "JenCont_PRV_SN_RT",
      "provider": "provider[\"registry.terraform.io/hashicorp/aws\"]",
      "instances": [
        {
          "schema_version": 0,
          "attributes": {
            "arn": "arn:aws:ec2:us-west-2:842051480147:route-table/rtb-031a1243a0fc1a6e5",
            "id": "rtb-031a1243a0fc1a6e5",
            "owner_id": "842051480147",
            "propagating_vgws": [],
            "route": [
              {
                "carrier_gateway_id": "",
                "cidr_block": "0.0.0.0/0",
                "core_network_arn": "",
                "destination_prefix_list_id": "",
                "egress_only_gateway_id": "",
                "gateway_id": "nat-0accbc984f8cee114",
                "instance_id": "",
                "ipv6_cidr_block": "",
                "local_gateway_id": "",
                "nat_gateway_id": "",
                "network_interface_id": "",
                "transit_gateway_id": "",
                "vpc_endpoint_id": "",
                "vpc_peering_connection_id": ""
              }
            ],
            "tags": {
              "Name": "JenCont_PRV_SN_RT"
            },
            "tags_all": {
              "Name": "JenCont_PRV_SN_RT"
            },
            "timeouts": null,
            "vpc_id": "vpc-0b89c6cc26e393100"
          },
          "sensitive_attributes": [],
          "private": "eyJlMmJmYjczMC1lY2FhLTExZTYtOGY4OC0zNDM2M2JjN2M0YzAiOnsiY3JlYXRlIjozMDAwMDAwMDAwMDAsImRlbGV0ZSI6MzAwMDAwMDAwMDAwLCJ1cGRhdGUiOjEyMDAwMDAwMDAwMH19",
          "dependencies": [
            "module.dev_vpc.aws_nat_gateway.JenCont_NAT_GW",
            "module.dev_vpc.aws_vpc.JenCont-vpc"
          ]
        }
      ]
    },
    {
      "module": "module.dev_vpc",
      "mode": "managed",
      "type": "aws_route_table",
      "name": "JenCont_PUB_SN_RT",
      "provider": "provider[\"registry.terraform.io/hashicorp/aws\"]",
      "instances": [
        {
          "schema_version": 0,
          "attributes": {
            "arn": "arn:aws:ec2:us-west-2:842051480147:route-table/rtb-000913bb0a2f29668",
            "id": "rtb-000913bb0a2f29668",
            "owner_id": "842051480147",
            "propagating_vgws": [],
            "route": [
              {
                "carrier_gateway_id": "",
                "cidr_block": "0.0.0.0/0",
                "core_network_arn": "",
                "destination_prefix_list_id": "",
                "egress_only_gateway_id": "",
                "gateway_id": "igw-01d2d81f752ec262c",
                "instance_id": "",
                "ipv6_cidr_block": "",
                "local_gateway_id": "",
                "nat_gateway_id": "",
                "network_interface_id": "",
                "transit_gateway_id": "",
                "vpc_endpoint_id": "",
                "vpc_peering_connection_id": ""
              }
            ],
            "tags": {
              "Name": "JenCont_PUB_SN_RT"
            },
            "tags_all": {
              "Name": "JenCont_PUB_SN_RT"
            },
            "timeouts": null,
            "vpc_id": "vpc-0b89c6cc26e393100"
          },
          "sensitive_attributes": [],
          "private": "eyJlMmJmYjczMC1lY2FhLTExZTYtOGY4OC0zNDM2M2JjN2M0YzAiOnsiY3JlYXRlIjozMDAwMDAwMDAwMDAsImRlbGV0ZSI6MzAwMDAwMDAwMDAwLCJ1cGRhdGUiOjEyMDAwMDAwMDAwMH19",
          "dependencies": [
            "module.dev_vpc.aws_internet_gateway.JenCont-igw",
            "module.dev_vpc.aws_vpc.JenCont-vpc"
          ]
        }
      ]
    },
    {
      "module": "module.dev_vpc",
      "mode": "managed",
      "type": "aws_route_table_association",
      "name": "a",
      "provider": "provider[\"registry.terraform.io/hashicorp/aws\"]",
      "instances": [
        {
          "schema_version": 0,
          "attributes": {
            "gateway_id": "",
            "id": "rtbassoc-06892e7db2da6beb0",
            "route_table_id": "rtb-000913bb0a2f29668",
            "subnet_id": "subnet-027b573712087375b"
          },
          "sensitive_attributes": [],
          "private": "bnVsbA==",
          "dependencies": [
            "module.dev_vpc.aws_internet_gateway.JenCont-igw",
            "module.dev_vpc.aws_route_table.JenCont_PUB_SN_RT",
            "module.dev_vpc.aws_subnet.JenCont-pub-sn1",
            "module.dev_vpc.aws_vpc.JenCont-vpc"
          ]
        }
      ]
    },
    {
      "module": "module.dev_vpc",
      "mode": "managed",
      "type": "aws_route_table_association",
      "name": "b",
      "provider": "provider[\"registry.terraform.io/hashicorp/aws\"]",
      "instances": [
        {
          "schema_version": 0,
          "attributes": {
            "gateway_id": "",
            "id": "rtbassoc-0af8f2876c69c2709",
            "route_table_id": "rtb-031a1243a0fc1a6e5",
            "subnet_id": "subnet-08aa6b18e987ed8c9"
          },
          "sensitive_attributes": [],
          "private": "bnVsbA==",
          "dependencies": [
            "module.dev_vpc.aws_eip.JenCont_EIP",
            "module.dev_vpc.aws_internet_gateway.JenCont-igw",
            "module.dev_vpc.aws_nat_gateway.JenCont_NAT_GW",
            "module.dev_vpc.aws_route_table.JenCont_PRV_SN_RT",
            "module.dev_vpc.aws_subnet.JenCont-prv-sn1",
            "module.dev_vpc.aws_subnet.JenCont-pub-sn1",
            "module.dev_vpc.aws_vpc.JenCont-vpc"
          ]
        }
      ]
    },
    {
      "module": "module.dev_vpc",
      "mode": "managed",
      "type": "aws_route_table_association",
      "name": "c",
      "provider": "provider[\"registry.terraform.io/hashicorp/aws\"]",
      "instances": [
        {
          "schema_version": 0,
          "attributes": {
            "gateway_id": "",
            "id": "rtbassoc-0b25900c3a69d7229",
            "route_table_id": "rtb-000913bb0a2f29668",
            "subnet_id": "subnet-00130f64fa8c094f0"
          },
          "sensitive_attributes": [],
          "private": "bnVsbA==",
          "dependencies": [
            "module.dev_vpc.aws_internet_gateway.JenCont-igw",
            "module.dev_vpc.aws_route_table.JenCont_PUB_SN_RT",
            "module.dev_vpc.aws_subnet.JenCont-pub-sn2",
            "module.dev_vpc.aws_vpc.JenCont-vpc"
          ]
        }
      ]
    },
    {
      "module": "module.dev_vpc",
      "mode": "managed",
      "type": "aws_route_table_association",
      "name": "d",
      "provider": "provider[\"registry.terraform.io/hashicorp/aws\"]",
      "instances": [
        {
          "schema_version": 0,
          "attributes": {
            "gateway_id": "",
            "id": "rtbassoc-07da3ca1661679e13",
            "route_table_id": "rtb-031a1243a0fc1a6e5",
            "subnet_id": "subnet-01d4a72e5b2b5e311"
          },
          "sensitive_attributes": [],
          "private": "bnVsbA==",
          "dependencies": [
            "module.dev_vpc.aws_eip.JenCont_EIP",
            "module.dev_vpc.aws_internet_gateway.JenCont-igw",
            "module.dev_vpc.aws_nat_gateway.JenCont_NAT_GW",
            "module.dev_vpc.aws_route_table.JenCont_PRV_SN_RT",
            "module.dev_vpc.aws_subnet.JenCont-prv-sn2",
            "module.dev_vpc.aws_subnet.JenCont-pub-sn1",
            "module.dev_vpc.aws_vpc.JenCont-vpc"
          ]
        }
      ]
    },
    {
      "module": "module.dev_vpc",
      "mode": "managed",
      "type": "aws_subnet",
      "name": "JenCont-prv-sn1",
      "provider": "provider[\"registry.terraform.io/hashicorp/aws\"]",
      "instances": [
        {
          "schema_version": 1,
          "attributes": {
            "arn": "arn:aws:ec2:us-west-2:842051480147:subnet/subnet-08aa6b18e987ed8c9",
            "assign_ipv6_address_on_creation": false,
            "availability_zone": "us-west-2a",
            "availability_zone_id": "usw2-az1",
            "cidr_block": "10.0.3.0/24",
            "customer_owned_ipv4_pool": "",
            "enable_dns64": false,
            "enable_resource_name_dns_a_record_on_launch": false,
            "enable_resource_name_dns_aaaa_record_on_launch": false,
            "id": "subnet-08aa6b18e987ed8c9",
            "ipv6_cidr_block": "",
            "ipv6_cidr_block_association_id": "",
            "ipv6_native": false,
            "map_customer_owned_ip_on_launch": false,
            "map_public_ip_on_launch": false,
            "outpost_arn": "",
            "owner_id": "842051480147",
            "private_dns_hostname_type_on_launch": "ip-name",
            "tags": {
              "Name": "JenCont-prv_sn1"
            },
            "tags_all": {
              "Name": "JenCont-prv_sn1"
            },
            "timeouts": null,
            "vpc_id": "vpc-0b89c6cc26e393100"
          },
          "sensitive_attributes": [],
          "private": "eyJlMmJmYjczMC1lY2FhLTExZTYtOGY4OC0zNDM2M2JjN2M0YzAiOnsiY3JlYXRlIjo2MDAwMDAwMDAwMDAsImRlbGV0ZSI6MTIwMDAwMDAwMDAwMH0sInNjaGVtYV92ZXJzaW9uIjoiMSJ9",
          "dependencies": [
            "module.dev_vpc.aws_vpc.JenCont-vpc"
          ]
        }
      ]
    },
    {
      "module": "module.dev_vpc",
      "mode": "managed",
      "type": "aws_subnet",
      "name": "JenCont-prv-sn2",
      "provider": "provider[\"registry.terraform.io/hashicorp/aws\"]",
      "instances": [
        {
          "schema_version": 1,
          "attributes": {
            "arn": "arn:aws:ec2:us-west-2:842051480147:subnet/subnet-01d4a72e5b2b5e311",
            "assign_ipv6_address_on_creation": false,
            "availability_zone": "us-west-2b",
            "availability_zone_id": "usw2-az2",
            "cidr_block": "10.0.4.0/24",
            "customer_owned_ipv4_pool": "",
            "enable_dns64": false,
            "enable_resource_name_dns_a_record_on_launch": false,
            "enable_resource_name_dns_aaaa_record_on_launch": false,
            "id": "subnet-01d4a72e5b2b5e311",
            "ipv6_cidr_block": "",
            "ipv6_cidr_block_association_id": "",
            "ipv6_native": false,
            "map_customer_owned_ip_on_launch": false,
            "map_public_ip_on_launch": false,
            "outpost_arn": "",
            "owner_id": "842051480147",
            "private_dns_hostname_type_on_launch": "ip-name",
            "tags": {
              "Name": "JenCont-prv_sn2"
            },
            "tags_all": {
              "Name": "JenCont-prv_sn2"
            },
            "timeouts": null,
            "vpc_id": "vpc-0b89c6cc26e393100"
          },
          "sensitive_attributes": [],
          "private": "eyJlMmJmYjczMC1lY2FhLTExZTYtOGY4OC0zNDM2M2JjN2M0YzAiOnsiY3JlYXRlIjo2MDAwMDAwMDAwMDAsImRlbGV0ZSI6MTIwMDAwMDAwMDAwMH0sInNjaGVtYV92ZXJzaW9uIjoiMSJ9",
          "dependencies": [
            "module.dev_vpc.aws_vpc.JenCont-vpc"
          ]
        }
      ]
    },
    {
      "module": "module.dev_vpc",
      "mode": "managed",
      "type": "aws_subnet",
      "name": "JenCont-pub-sn1",
      "provider": "provider[\"registry.terraform.io/hashicorp/aws\"]",
      "instances": [
        {
          "schema_version": 1,
          "attributes": {
            "arn": "arn:aws:ec2:us-west-2:842051480147:subnet/subnet-027b573712087375b",
            "assign_ipv6_address_on_creation": false,
            "availability_zone": "us-west-2a",
            "availability_zone_id": "usw2-az1",
            "cidr_block": "10.0.1.0/24",
            "customer_owned_ipv4_pool": "",
            "enable_dns64": false,
            "enable_resource_name_dns_a_record_on_launch": false,
            "enable_resource_name_dns_aaaa_record_on_launch": false,
            "id": "subnet-027b573712087375b",
            "ipv6_cidr_block": "",
            "ipv6_cidr_block_association_id": "",
            "ipv6_native": false,
            "map_customer_owned_ip_on_launch": false,
            "map_public_ip_on_launch": false,
            "outpost_arn": "",
            "owner_id": "842051480147",
            "private_dns_hostname_type_on_launch": "ip-name",
            "tags": {
              "Name": "JenCont-pub_sn1"
            },
            "tags_all": {
              "Name": "JenCont-pub_sn1"
            },
            "timeouts": null,
            "vpc_id": "vpc-0b89c6cc26e393100"
          },
          "sensitive_attributes": [],
          "private": "eyJlMmJmYjczMC1lY2FhLTExZTYtOGY4OC0zNDM2M2JjN2M0YzAiOnsiY3JlYXRlIjo2MDAwMDAwMDAwMDAsImRlbGV0ZSI6MTIwMDAwMDAwMDAwMH0sInNjaGVtYV92ZXJzaW9uIjoiMSJ9",
          "dependencies": [
            "module.dev_vpc.aws_vpc.JenCont-vpc"
          ]
        }
      ]
    },
    {
      "module": "module.dev_vpc",
      "mode": "managed",
      "type": "aws_subnet",
      "name": "JenCont-pub-sn2",
      "provider": "provider[\"registry.terraform.io/hashicorp/aws\"]",
      "instances": [
        {
          "schema_version": 1,
          "attributes": {
            "arn": "arn:aws:ec2:us-west-2:842051480147:subnet/subnet-00130f64fa8c094f0",
            "assign_ipv6_address_on_creation": false,
            "availability_zone": "us-west-2b",
            "availability_zone_id": "usw2-az2",
            "cidr_block": "10.0.2.0/24",
            "customer_owned_ipv4_pool": "",
            "enable_dns64": false,
            "enable_resource_name_dns_a_record_on_launch": false,
            "enable_resource_name_dns_aaaa_record_on_launch": false,
            "id": "subnet-00130f64fa8c094f0",
            "ipv6_cidr_block": "",
            "ipv6_cidr_block_association_id": "",
            "ipv6_native": false,
            "map_customer_owned_ip_on_launch": false,
            "map_public_ip_on_launch": false,
            "outpost_arn": "",
            "owner_id": "842051480147",
            "private_dns_hostname_type_on_launch": "ip-name",
            "tags": {
              "Name": "JenCont-pub_sn2"
            },
            "tags_all": {
              "Name": "JenCont-pub_sn2"
            },
            "timeouts": null,
            "vpc_id": "vpc-0b89c6cc26e393100"
          },
          "sensitive_attributes": [],
          "private": "eyJlMmJmYjczMC1lY2FhLTExZTYtOGY4OC0zNDM2M2JjN2M0YzAiOnsiY3JlYXRlIjo2MDAwMDAwMDAwMDAsImRlbGV0ZSI6MTIwMDAwMDAwMDAwMH0sInNjaGVtYV92ZXJzaW9uIjoiMSJ9",
          "dependencies": [
            "module.dev_vpc.aws_vpc.JenCont-vpc"
          ]
        }
      ]
    },
    {
      "module": "module.dev_vpc",
      "mode": "managed",
      "type": "aws_vpc",
      "name": "JenCont-vpc",
      "provider": "provider[\"registry.terraform.io/hashicorp/aws\"]",
      "instances": [
        {
          "schema_version": 1,
          "attributes": {
            "arn": "arn:aws:ec2:us-west-2:842051480147:vpc/vpc-0b89c6cc26e393100",
            "assign_generated_ipv6_cidr_block": false,
            "cidr_block": "10.0.0.0/16",
            "default_network_acl_id": "acl-06cc2d53f4fee19ca",
            "default_route_table_id": "rtb-05e4133a9f044241f",
            "default_security_group_id": "sg-060d2820adc8ed675",
            "dhcp_options_id": "dopt-0bf73da7cd25a7117",
            "enable_classiclink": false,
            "enable_classiclink_dns_support": false,
            "enable_dns_hostnames": false,
            "enable_dns_support": true,
            "id": "vpc-0b89c6cc26e393100",
            "instance_tenancy": "default",
            "ipv4_ipam_pool_id": null,
            "ipv4_netmask_length": null,
            "ipv6_association_id": "",
            "ipv6_cidr_block": "",
            "ipv6_cidr_block_network_border_group": "",
            "ipv6_ipam_pool_id": "",
            "ipv6_netmask_length": 0,
            "main_route_table_id": "rtb-05e4133a9f044241f",
            "owner_id": "842051480147",
            "tags": {
              "Name": "JenCont"
            },
            "tags_all": {
              "Name": "JenCont"
            }
          },
          "sensitive_attributes": [],
          "private": "eyJzY2hlbWFfdmVyc2lvbiI6IjEifQ=="
        }
      ]
    },
    {
      "module": "module.keypair",
      "mode": "managed",
      "type": "aws_key_pair",
      "name": "JenCont_Key",
      "provider": "provider[\"registry.terraform.io/hashicorp/aws\"]",
      "instances": [
        {
          "schema_version": 1,
          "attributes": {
            "arn": "arn:aws:ec2:us-west-2:842051480147:key-pair/test-key",
            "fingerprint": "4c:74:4b:c0:a1:f8:9e:0e:66:77:71:dc:6d:da:d6:bd",
            "id": "test-key",
            "key_name": "test-key",
            "key_name_prefix": "",
            "key_pair_id": "key-06e22e4e70a52c102",
            "key_type": "rsa",
            "public_key": "ssh-rsa AAAAB3NzaC1yc2EAAAADAQABAAABgQDMHRz9cN4KkdCif7wCd+aS99ElmSotWoAhpiI7Kvd2xWRnXuNJY39R2+4zplr8UBYIiMgeNM8IZHGSqBHtSBYHObEvPhiLvzpI/qlnzsNmR3VESnIb+CVe+pIVz4uCjPbFLDr6fCcmEPzySrZD7w45sapxSW2SFNg3srfzft7sqKYqLBXscGJVdPtzdhAmUKVx1xcSM12+URCwsC/XE68QCsjSx41yOrEzv3F6M0Fc/HZNIovSQxj4/MjdOTY+RTiG9W2v7BWG1fDoms7AL+fevktVW5we8Icx69O2kS/uERLIzu60+lsxFpBaVXif4cHXbORF7yOijzll7vnWfDxyrSGC8l7d1fC8sW1DeLl+c3xsWZmAcR4J6wMNXCnZi4dhQQIM4LBIj2omFVtnnQM/lM68c9cgAsU6aFPmZnssqjGsnm5lRqPe+uWs/RGWNzSpLlv5CKg+P9zhRVXzZwjl22gErMksF11gA5OXrj/QhBsj+hZ8VHDJ7pBBMculZnc= ibrahimoladimeji@Ibrahims-MacBook-Pro.local",
            "tags": {},
            "tags_all": {}
          },
          "sensitive_attributes": [],
          "private": "eyJzY2hlbWFfdmVyc2lvbiI6IjEifQ=="
        }
      ]
    }
  ]
}
